{
  "version": 4,
  "terraform_version": "1.0.1",
  "serial": 12,
  "lineage": "517a18e3-2483-c8c1-0195-241c76ad5c65",
  "outputs": {},
  "resources": [
    {
      "module": "module.aws_internet_gateway",
      "mode": "managed",
      "type": "aws_internet_gateway",
      "name": "this",
      "provider": "provider[\"registry.terraform.io/hashicorp/aws\"]",
      "instances": [
        {
          "schema_version": 0,
          "attributes": {
            "arn": "arn:aws:ec2:eu-central-1:924333798179:internet-gateway/igw-03f606a83d3057711",
            "id": "igw-03f606a83d3057711",
            "owner_id": "924333798179",
            "tags": {
              "Name": "qs-aws-fra"
            },
            "tags_all": {
              "Name": "qs-aws-fra"
            },
            "vpc_id": "vpc-00c09d2377c2c441d"
          },
          "sensitive_attributes": [],
          "private": "bnVsbA==",
          "dependencies": [
            "module.aws_vpc.aws_vpc.this"
          ]
        }
      ]
    },
    {
      "module": "module.aws_subnet",
      "mode": "managed",
      "type": "aws_subnet",
      "name": "this",
      "provider": "provider[\"registry.terraform.io/hashicorp/aws\"]",
      "instances": [
        {
          "schema_version": 1,
          "attributes": {
            "arn": "arn:aws:ec2:eu-central-1:924333798179:subnet/subnet-0644753e44762dca7",
            "assign_ipv6_address_on_creation": false,
            "availability_zone": "eu-central-1a",
            "availability_zone_id": "euc1-az2",
            "cidr_block": "10.1.1.0/24",
            "customer_owned_ipv4_pool": "",
            "id": "subnet-0644753e44762dca7",
            "ipv6_cidr_block": "",
            "ipv6_cidr_block_association_id": "",
            "map_customer_owned_ip_on_launch": false,
            "map_public_ip_on_launch": false,
            "outpost_arn": "",
            "owner_id": "924333798179",
            "tags": {
              "Name": "qs-aws-fra-zone-00"
            },
            "tags_all": {
              "Name": "qs-aws-fra-zone-00"
            },
            "timeouts": null,
            "vpc_id": "vpc-00c09d2377c2c441d"
          },
          "sensitive_attributes": [],
          "private": "eyJlMmJmYjczMC1lY2FhLTExZTYtOGY4OC0zNDM2M2JjN2M0YzAiOnsiY3JlYXRlIjo2MDAwMDAwMDAwMDAsImRlbGV0ZSI6MTIwMDAwMDAwMDAwMH0sInNjaGVtYV92ZXJzaW9uIjoiMSJ9",
          "dependencies": [
            "module.aws_vpc.aws_vpc.this"
          ]
        }
      ]
    },
    {
      "module": "module.aws_vpc",
      "mode": "managed",
      "type": "aws_vpc",
      "name": "this",
      "provider": "provider[\"registry.terraform.io/hashicorp/aws\"]",
      "instances": [
        {
          "schema_version": 1,
          "attributes": {
            "arn": "arn:aws:ec2:eu-central-1:924333798179:vpc/vpc-00c09d2377c2c441d",
            "assign_generated_ipv6_cidr_block": true,
            "cidr_block": "10.1.0.0/16",
            "default_network_acl_id": "acl-0172a23bf95a71b8c",
            "default_route_table_id": "rtb-091ca39c54bb22236",
            "default_security_group_id": "sg-0e1f18ae97f505739",
            "dhcp_options_id": "dopt-dbe600b2",
            "enable_classiclink": false,
            "enable_classiclink_dns_support": false,
            "enable_dns_hostnames": false,
            "enable_dns_support": false,
            "id": "vpc-00c09d2377c2c441d",
            "instance_tenancy": "default",
            "ipv6_association_id": "vpc-cidr-assoc-023fa4b13537124ca",
            "ipv6_cidr_block": "2a05:d014:89a:d400::/56",
            "main_route_table_id": "rtb-091ca39c54bb22236",
            "owner_id": "924333798179",
            "tags": {
              "Name": "qs-aws-fra"
            },
            "tags_all": {
              "Name": "qs-aws-fra"
            }
          },
          "sensitive_attributes": [],
          "private": "eyJzY2hlbWFfdmVyc2lvbiI6IjEifQ=="
        }
      ]
    }
  ]
}
